{
  "name": "installnewmpm",
  "version": "1.0.0",
  "lockfileVersion": 3,
  "requires": true,
  "packages": {
    "": {
      "name": "installnewmpm",
      "version": "1.0.0",
      "license": "ISC",
      "dependencies": {
        "alex_math_packege": "^1.0.0"
      }
    },
    "node_modules/alex_math_packege": {
      "version": "1.0.0",
      "resolved": "https://registry.npmjs.org/alex_math_packege/-/alex_math_packege-1.0.0.tgz",
      "integrity": "sha512-o5zyJ0CVEp9CR5EUo/00fD5OqR4qGST2uScOR6g7iIvgGf6wd99HV5+rXa/1CjiKLXLQ99sowhbFDYS8dvPDIQ=="
    }
  }
}
